
Microsoft Visual Studio Solution File, Format Version 12.00
# Visual Studio Version 16
VisualStudioVersion = 16.0.28803.202
MinimumVisualStudioVersion = 10.0.40219.1
Project("{FAE04EC0-301F-11D3-BF4B-00C04F79EFBC}") = "TeklaSAPLink", "TeklaSAPLink\TeklaSAPLink.csproj", "{D55AD33E-0289-4371-BBC4-EFB682D7D68E}"
EndProject
Global
	GlobalSection(SolutionConfigurationPlatforms) = preSolution
		Debug|Any CPU = Debug|Any CPU
		Release|Any CPU = Release|Any CPU
	EndGlobalSection
	GlobalSection(ProjectConfigurationPlatforms) = postSolution
		{D55AD33E-0289-4371-BBC4-EFB682D7D68E}.Debug|Any CPU.ActiveCfg = Debug|Any CPU
		{D55AD33E-0289-4371-BBC4-EFB682D7D68E}.Debug|Any CPU.Build.0 = Debug|Any CPU
		{D55AD33E-0289-4371-BBC4-EFB682D7D68E}.Release|Any CPU.ActiveCfg = Release|Any CPU
		{D55AD33E-0289-4371-BBC4-EFB682D7D68E}.Release|Any CPU.Build.0 = Release|Any CPU
	EndGlobalSection
	GlobalSection(SolutionProperties) = preSolution
		HideSolutionNode = FALSE
	EndGlobalSection
	GlobalSection(ExtensibilityGlobals) = postSolution
		SolutionGuid = {95C7D87D-3263-410E-A345-374B5ED3AA4B}
	EndGlobalSection
EndGlobal
